// !$*UTF8*$!
{ archiveVersion = 1; classes = {}; objectVersion = 56; objects = {
AC0000000000000000000001 = { isa = PBXFileReference; lastKnownFileType = image.icns; path = Resources/AppIcon.icns; sourceTree = SOURCE_ROOT; };
AC0000000000000000000002 = { isa = PBXBuildFile; fileRef = AC0000000000000000000001; };
AA0000000000000000000001 = { isa = PBXFileReference; lastKnownFileType = sourcecode.swift; path = "Sources/App/ReleaseArtwork.swift"; sourceTree = SOURCE_ROOT; };
AB0000000000000000000001 = { isa = PBXBuildFile; fileRef = AA0000000000000000000001; };
AA0000000000000000000000 = { isa = PBXFileReference; lastKnownFileType = sourcecode.swift; path = "Sources/App/MenuBarIcon.swift"; sourceTree = SOURCE_ROOT; };
AB0000000000000000000000 = { isa = PBXBuildFile; fileRef = AA0000000000000000000000; };
79A67295E6F8574EA5C997A7 = { isa = PBXFileReference; lastKnownFileType = sourcecode.swift; path = "Sources/App/DuoletApp.swift"; sourceTree = SOURCE_ROOT; };
3151449051DB89ABAD0C840E = { isa = PBXFileReference; lastKnownFileType = sourcecode.swift; path = "Sources/App/StatusMonitor.swift"; sourceTree = SOURCE_ROOT; };
CFDA47E71DB997E8C742EBBD = { isa = PBXFileReference; lastKnownFileType = sourcecode.swift; path = "Sources/Shared/DeviceStatus.swift"; sourceTree = SOURCE_ROOT; };
7D2910E8080C20C229ABFAA4 = { isa = PBXFileReference; lastKnownFileType = sourcecode.swift; path = "Sources/Shared/IndicatorView.swift"; sourceTree = SOURCE_ROOT; };
1291F166FA527162545C4D5F = { isa = PBXFileReference; lastKnownFileType = sourcecode.swift; path = "Sources/Widget/DuoletWidget.swift"; sourceTree = SOURCE_ROOT; };
8BCD5BC4CDFDF0918087C782 = { isa = PBXFileReference; explicitFileType = wrapper.application; path = Duolet.app; sourceTree = BUILT_PRODUCTS_DIR; };
F231F6FE549E641636571AA6 = { isa = PBXFileReference; explicitFileType = "wrapper.app-extension"; path = DuoletWidget.appex; sourceTree = BUILT_PRODUCTS_DIR; };
FBDC4F23F93125BBEEAE800C = { isa = PBXGroup; children = (8BCD5BC4CDFDF0918087C782,F231F6FE549E641636571AA6,); name = Products; sourceTree = "<group>"; };
B28B7AF69320201D1CF206EB = { isa = PBXGroup; children = (AC0000000000000000000001,AA0000000000000000000001,AA0000000000000000000000,79A67295E6F8574EA5C997A7,3151449051DB89ABAD0C840E,CFDA47E71DB997E8C742EBBD,7D2910E8080C20C229ABFAA4,1291F166FA527162545C4D5F,FBDC4F23F93125BBEEAE800C,); sourceTree = "<group>"; };
89E1FD6268CC0F221A2BE178 = { isa = XCBuildConfiguration; name = Debug; buildSettings = {MACOSX_DEPLOYMENT_TARGET = "14.0"; SDKROOT = "macosx"; SWIFT_VERSION = "5.0"; CLANG_ENABLE_MODULES = "YES"; CODE_SIGN_STYLE = "Manual"; CODE_SIGN_IDENTITY = "-"; ENABLE_HARDENED_RUNTIME = "YES"; CURRENT_PROJECT_VERSION = "1"; MARKETING_VERSION = "1.0.0"; SWIFT_EMIT_LOC_STRINGS = "NO"; ASSETCATALOG_COMPILER_APPICON_NAME = "AppIcon"; SWIFT_OPTIMIZATION_LEVEL = "-Onone"; DEBUG_INFORMATION_FORMAT = "dwarf";}; };
E6DE6C99132752C914FEF632 = { isa = XCBuildConfiguration; name = Release; buildSettings = {MACOSX_DEPLOYMENT_TARGET = "14.0"; SDKROOT = "macosx"; SWIFT_VERSION = "5.0"; CLANG_ENABLE_MODULES = "YES"; CODE_SIGN_STYLE = "Manual"; CODE_SIGN_IDENTITY = "-"; ENABLE_HARDENED_RUNTIME = "YES"; CURRENT_PROJECT_VERSION = "1"; MARKETING_VERSION = "1.0.0"; SWIFT_EMIT_LOC_STRINGS = "NO"; ASSETCATALOG_COMPILER_APPICON_NAME = "AppIcon"; SWIFT_OPTIMIZATION_LEVEL = "-O"; DEBUG_INFORMATION_FORMAT = "dwarf-with-dsym";}; };
862894B703A6DEDF96A9DD6C = { isa = XCConfigurationList; buildConfigurations = (89E1FD6268CC0F221A2BE178,E6DE6C99132752C914FEF632,); defaultConfigurationIsVisible = 0; defaultConfigurationName = Release; };
D799BAE6088A90139B415FCC = { isa = PBXContainerItemProxy; containerPortal = 98F54143AB4E86B28C3AFEE0; proxyType = 1; remoteGlobalIDString = 704A160D8849979DE00DDB64; remoteInfo = DuoletWidget; };
DE58E2B17C19600779694943 = { isa = PBXTargetDependency; target = 704A160D8849979DE00DDB64; targetProxy = D799BAE6088A90139B415FCC; };
B5F235D5B8CC63C82183E49E = { isa = PBXBuildFile; fileRef = F231F6FE549E641636571AA6; settings = { ATTRIBUTES = (RemoveHeadersOnCopy,); }; };
CFFF27C96089B93150F3553B = { isa = PBXCopyFilesBuildPhase; buildActionMask = 2147483647; dstPath = ""; dstSubfolderSpec = 13; files = (B5F235D5B8CC63C82183E49E,); name = "Embed App Extensions"; runOnlyForDeploymentPostprocessing = 0; };
70C1DFFDCF50447518BE6F9E = { isa = PBXBuildFile; fileRef = CFDA47E71DB997E8C742EBBD; };
575C866CFFEC155DE83834DD = { isa = PBXBuildFile; fileRef = 7D2910E8080C20C229ABFAA4; };
CB5670D22B7AF23BB28E8B74 = { isa = PBXBuildFile; fileRef = 3151449051DB89ABAD0C840E; };
0835BE27C0CBA64ACE2032FD = { isa = PBXBuildFile; fileRef = 79A67295E6F8574EA5C997A7; };
905DB04043B7311D06A28734 = { isa = PBXSourcesBuildPhase; buildActionMask = 2147483647; files = (AB0000000000000000000001,AB0000000000000000000000,70C1DFFDCF50447518BE6F9E,575C866CFFEC155DE83834DD,CB5670D22B7AF23BB28E8B74,0835BE27C0CBA64ACE2032FD,); runOnlyForDeploymentPostprocessing = 0; };
12384B5908BE5FE5B3301CEE = { isa = PBXFrameworksBuildPhase; buildActionMask = 2147483647; files = (); runOnlyForDeploymentPostprocessing = 0; };
6A6B0DE9818F70E537A53537 = { isa = PBXResourcesBuildPhase; buildActionMask = 2147483647; files = (AC0000000000000000000002,); runOnlyForDeploymentPostprocessing = 0; };
E9B2E96ABC5F6856F2BE79CF = { isa = XCBuildConfiguration; name = Debug; buildSettings = {PRODUCT_BUNDLE_IDENTIFIER = "org.duolet.Duolet"; PRODUCT_NAME = "Duolet"; INFOPLIST_FILE = "Config/Duolet-Info.plist"; CODE_SIGN_ENTITLEMENTS = "Config/Duolet.entitlements"; LD_RUNPATH_SEARCH_PATHS = "$(inherited) @executable_path/../Frameworks @executable_path/../../../../Frameworks"; SKIP_INSTALL = "NO"; ENABLE_APP_SANDBOX = "NO"; SWIFT_OPTIMIZATION_LEVEL = "-Onone"; DEBUG_INFORMATION_FORMAT = "dwarf";}; };
5A8C91857F674E16E2724F47 = { isa = XCBuildConfiguration; name = Release; buildSettings = {PRODUCT_BUNDLE_IDENTIFIER = "org.duolet.Duolet"; PRODUCT_NAME = "Duolet"; INFOPLIST_FILE = "Config/Duolet-Info.plist"; CODE_SIGN_ENTITLEMENTS = "Config/Duolet.entitlements"; LD_RUNPATH_SEARCH_PATHS = "$(inherited) @executable_path/../Frameworks @executable_path/../../../../Frameworks"; SKIP_INSTALL = "NO"; ENABLE_APP_SANDBOX = "NO"; SWIFT_OPTIMIZATION_LEVEL = "-O"; DEBUG_INFORMATION_FORMAT = "dwarf-with-dsym";}; };
F37922C48DA5978D02C9E50E = { isa = XCConfigurationList; buildConfigurations = (E9B2E96ABC5F6856F2BE79CF,5A8C91857F674E16E2724F47,); defaultConfigurationIsVisible = 0; defaultConfigurationName = Release; };
C13732C8E715C9BEE4FA51C9 = { isa = PBXNativeTarget; buildConfigurationList = F37922C48DA5978D02C9E50E; buildPhases = (905DB04043B7311D06A28734,12384B5908BE5FE5B3301CEE,6A6B0DE9818F70E537A53537,CFFF27C96089B93150F3553B,); buildRules = (); dependencies = (DE58E2B17C19600779694943,); name = Duolet; productName = Duolet; productReference = 8BCD5BC4CDFDF0918087C782; productType = "com.apple.product-type.application"; };
66A4CDAF1D6B056FA4005357 = { isa = PBXBuildFile; fileRef = CFDA47E71DB997E8C742EBBD; };
3EFD12E7B3F7A70AA425ED79 = { isa = PBXBuildFile; fileRef = 7D2910E8080C20C229ABFAA4; };
865CFABF48236F577138DAEC = { isa = PBXBuildFile; fileRef = 1291F166FA527162545C4D5F; };
1930B20A5AA38F23C252868F = { isa = PBXSourcesBuildPhase; buildActionMask = 2147483647; files = (66A4CDAF1D6B056FA4005357,3EFD12E7B3F7A70AA425ED79,865CFABF48236F577138DAEC,); runOnlyForDeploymentPostprocessing = 0; };
D996082BD33C0C3D6550D124 = { isa = PBXFrameworksBuildPhase; buildActionMask = 2147483647; files = (); runOnlyForDeploymentPostprocessing = 0; };
0924819F56A5FB566C769390 = { isa = PBXResourcesBuildPhase; buildActionMask = 2147483647; files = (); runOnlyForDeploymentPostprocessing = 0; };
8EEBAB68363C2B0DAE00DB30 = { isa = XCBuildConfiguration; name = Debug; buildSettings = {PRODUCT_BUNDLE_IDENTIFIER = "org.duolet.Duolet.Widget"; PRODUCT_NAME = "DuoletWidget"; INFOPLIST_FILE = "Config/DuoletWidget-Info.plist"; CODE_SIGN_ENTITLEMENTS = "Config/DuoletWidget.entitlements"; LD_RUNPATH_SEARCH_PATHS = "$(inherited) @executable_path/../Frameworks @executable_path/../../../../Frameworks"; SKIP_INSTALL = "YES"; ENABLE_APP_SANDBOX = "YES"; APPLICATION_EXTENSION_API_ONLY = "YES"; SWIFT_OPTIMIZATION_LEVEL = "-Onone"; DEBUG_INFORMATION_FORMAT = "dwarf";}; };
9B3B545F8CBA1ACB550689D3 = { isa = XCBuildConfiguration; name = Release; buildSettings = {PRODUCT_BUNDLE_IDENTIFIER = "org.duolet.Duolet.Widget"; PRODUCT_NAME = "DuoletWidget"; INFOPLIST_FILE = "Config/DuoletWidget-Info.plist"; CODE_SIGN_ENTITLEMENTS = "Config/DuoletWidget.entitlements"; LD_RUNPATH_SEARCH_PATHS = "$(inherited) @executable_path/../Frameworks @executable_path/../../../../Frameworks"; SKIP_INSTALL = "YES"; ENABLE_APP_SANDBOX = "YES"; APPLICATION_EXTENSION_API_ONLY = "YES"; SWIFT_OPTIMIZATION_LEVEL = "-O"; DEBUG_INFORMATION_FORMAT = "dwarf-with-dsym";}; };
9ED0E5B5BC01E6B082EFBF74 = { isa = XCConfigurationList; buildConfigurations = (8EEBAB68363C2B0DAE00DB30,9B3B545F8CBA1ACB550689D3,); defaultConfigurationIsVisible = 0; defaultConfigurationName = Release; };
704A160D8849979DE00DDB64 = { isa = PBXNativeTarget; buildConfigurationList = 9ED0E5B5BC01E6B082EFBF74; buildPhases = (1930B20A5AA38F23C252868F,D996082BD33C0C3D6550D124,0924819F56A5FB566C769390,); buildRules = (); dependencies = (); name = DuoletWidget; productName = DuoletWidget; productReference = F231F6FE549E641636571AA6; productType = "com.apple.product-type.app-extension"; };
98F54143AB4E86B28C3AFEE0 = { isa = PBXProject; attributes = { BuildIndependentTargetsInParallel = YES; LastUpgradeCheck = 2660; }; buildConfigurationList = 862894B703A6DEDF96A9DD6C; compatibilityVersion = "Xcode 14.0"; developmentRegion = en; hasScannedForEncodings = 0; knownRegions = (ru,en,Base,); mainGroup = B28B7AF69320201D1CF206EB; productRefGroup = FBDC4F23F93125BBEEAE800C; projectDirPath = ""; projectRoot = ""; targets = (C13732C8E715C9BEE4FA51C9,704A160D8849979DE00DDB64,); };
}; rootObject = 98F54143AB4E86B28C3AFEE0; }
